{
  "name": "pomelo",
  "version": "2.2.5",
  "lockfileVersion": 1,
  "requires": true,
  "dependencies": {
    "@types/node": {
      "version": "8.0.57",
      "resolved": "http://registry.npm.taobao.org/@types/node/download/@types/node-8.0.57.tgz",
      "integrity": "sha1-5di03BEnY+Nc/FGYj0842jxIbZk="
    },
    "@types/ws": {
      "version": "3.2.1",
      "resolved": "http://registry.npm.taobao.org/@types/ws/download/@types/ws-3.2.1.tgz",
      "integrity": "sha1-sMFXnljmhvg84Kl7uUY9KXBYJ/s=",
      "requires": {
        "@types/node": "8.0.57"
      }
    }
  }
}
